
Microsoft Visual Studio Solution File, Format Version 12.00
# Visual Studio Version 16
VisualStudioVersion = 16.0.31729.503
MinimumVisualStudioVersion = 10.0.40219.1
Project("{FAE04EC0-301F-11D3-BF4B-00C04F79EFBC}") = "PrimeNumberDemo", "PrimeNumberDemo.csproj", "{78A05FFC-2B0D-47A2-A959-9E113F20E375}"
EndProject
Global
	GlobalSection(SolutionConfigurationPlatforms) = preSolution
		Debug|Any CPU = Debug|Any CPU
		Release|Any CPU = Release|Any CPU
	EndGlobalSection
	GlobalSection(ProjectConfigurationPlatforms) = postSolution
		{78A05FFC-2B0D-47A2-A959-9E113F20E375}.Debug|Any CPU.ActiveCfg = Debug|Any CPU
		{78A05FFC-2B0D-47A2-A959-9E113F20E375}.Debug|Any CPU.Build.0 = Debug|Any CPU
		{78A05FFC-2B0D-47A2-A959-9E113F20E375}.Release|Any CPU.ActiveCfg = Release|Any CPU
		{78A05FFC-2B0D-47A2-A959-9E113F20E375}.Release|Any CPU.Build.0 = Release|Any CPU
	EndGlobalSection
	GlobalSection(SolutionProperties) = preSolution
		HideSolutionNode = FALSE
	EndGlobalSection
	GlobalSection(ExtensibilityGlobals) = postSolution
		SolutionGuid = {CFC7C004-1E30-4979-BCA5-61BC298F1B92}
	EndGlobalSection
EndGlobal
